// !$*UTF8*$!
{
	archiveVersion = 1;
	classes = {
	};
	objectVersion = 56;
	objects = {

/* Begin PBXBuildFile section */
		49FA53902A02161B0082CBB9 /* myRecipesApp.swift in Sources */ = {isa = PBXBuildFile; fileRef = 49FA538F2A02161B0082CBB9 /* myRecipesApp.swift */; };
		49FA53922A02161B0082CBB9 /* ContentView.swift in Sources */ = {isa = PBXBuildFile; fileRef = 49FA53912A02161B0082CBB9 /* ContentView.swift */; };
		49FA53942A02161D0082CBB9 /* Assets.xcassets in Resources */ = {isa = PBXBuildFile; fileRef = 49FA53932A02161D0082CBB9 /* Assets.xcassets */; };
		49FA53972A02161D0082CBB9 /* Preview Assets.xcassets in Resources */ = {isa = PBXBuildFile; fileRef = 49FA53962A02161D0082CBB9 /* Preview Assets.xcassets */; };
		49FA53BC2A021B590082CBB9 /* DataFetch.swift in Sources */ = {isa = PBXBuildFile; fileRef = 49FA53BB2A021B590082CBB9 /* DataFetch.swift */; };
		49FA53BE2A0306220082CBB9 /* Recipe.swift in Sources */ = {isa = PBXBuildFile; fileRef = 49FA53BD2A0306220082CBB9 /* Recipe.swift */; };
		49FA53C22A044E390082CBB9 /* Documentation.docc in Sources */ = {isa = PBXBuildFile; fileRef = 49FA53C12A044E390082CBB9 /* Documentation.docc */; };
		49FA53C42A0460B00082CBB9 /* DataFetchTest.swift in Sources */ = {isa = PBXBuildFile; fileRef = 49FA53C32A0460B00082CBB9 /* DataFetchTest.swift */; };
		49FA53CB2A046FF60082CBB9 /* myRecipesUITestsLaunchTests.swift in Sources */ = {isa = PBXBuildFile; fileRef = 49FA53CA2A046FF60082CBB9 /* myRecipesUITestsLaunchTests.swift */; };
/* End PBXBuildFile section */

/* Begin PBXContainerItemProxy section */
		49FA539D2A02161D0082CBB9 /* PBXContainerItemProxy */ = {
			isa = PBXContainerItemProxy;
			containerPortal = 49FA53842A02161B0082CBB9 /* Project object */;
			proxyType = 1;
			remoteGlobalIDString = 49FA538B2A02161B0082CBB9;
			remoteInfo = myRecipes;
		};
		49FA53A72A02161D0082CBB9 /* PBXContainerItemProxy */ = {
			isa = PBXContainerItemProxy;
			containerPortal = 49FA53842A02161B0082CBB9 /* Project object */;
			proxyType = 1;
			remoteGlobalIDString = 49FA538B2A02161B0082CBB9;
			remoteInfo = myRecipes;
		};
/* End PBXContainerItemProxy section */

/* Begin PBXFileReference section */
		49FA538C2A02161B0082CBB9 /* myRecipes.app */ = {isa = PBXFileReference; explicitFileType = wrapper.application; includeInIndex = 0; path = myRecipes.app; sourceTree = BUILT_PRODUCTS_DIR; };
		49FA538F2A02161B0082CBB9 /* myRecipesApp.swift */ = {isa = PBXFileReference; lastKnownFileType = sourcecode.swift; path = myRecipesApp.swift; sourceTree = "<group>"; };
		49FA53912A02161B0082CBB9 /* ContentView.swift */ = {isa = PBXFileReference; lastKnownFileType = sourcecode.swift; path = ContentView.swift; sourceTree = "<group>"; };
		49FA53932A02161D0082CBB9 /* Assets.xcassets */ = {isa = PBXFileReference; lastKnownFileType = folder.assetcatalog; path = Assets.xcassets; sourceTree = "<group>"; };
		49FA53962A02161D0082CBB9 /* Preview Assets.xcassets */ = {isa = PBXFileReference; lastKnownFileType = folder.assetcatalog; path = "Preview Assets.xcassets"; sourceTree = "<group>"; };
		49FA539C2A02161D0082CBB9 /* myRecipesTests.xctest */ = {isa = PBXFileReference; explicitFileType = wrapper.cfbundle; includeInIndex = 0; path = myRecipesTests.xctest; sourceTree = BUILT_PRODUCTS_DIR; };
		49FA53A62A02161D0082CBB9 /* myRecipesUITests.xctest */ = {isa = PBXFileReference; explicitFileType = wrapper.cfbundle; includeInIndex = 0; path = myRecipesUITests.xctest; sourceTree = BUILT_PRODUCTS_DIR; };
		49FA53BB2A021B590082CBB9 /* DataFetch.swift */ = {isa = PBXFileReference; lastKnownFileType = sourcecode.swift; path = DataFetch.swift; sourceTree = "<group>"; };
		49FA53BD2A0306220082CBB9 /* Recipe.swift */ = {isa = PBXFileReference; lastKnownFileType = sourcecode.swift; path = Recipe.swift; sourceTree = "<group>"; };
		49FA53C12A044E390082CBB9 /* Documentation.docc */ = {isa = PBXFileReference; lastKnownFileType = folder.documentationcatalog; path = Documentation.docc; sourceTree = "<group>"; };
		49FA53C32A0460B00082CBB9 /* DataFetchTest.swift */ = {isa = PBXFileReference; lastKnownFileType = sourcecode.swift; path = DataFetchTest.swift; sourceTree = "<group>"; };
		49FA53CA2A046FF60082CBB9 /* myRecipesUITestsLaunchTests.swift */ = {isa = PBXFileReference; fileEncoding = 4; lastKnownFileType = sourcecode.swift; path = myRecipesUITestsLaunchTests.swift; sourceTree = "<group>"; };
/* End PBXFileReference section */

/* Begin PBXFrameworksBuildPhase section */
		49FA53892A02161B0082CBB9 /* Frameworks */ = {
			isa = PBXFrameworksBuildPhase;
			buildActionMask = 2147483647;
			files = (
			);
			runOnlyForDeploymentPostprocessing = 0;
		};
		49FA53992A02161D0082CBB9 /* Frameworks */ = {
			isa = PBXFrameworksBuildPhase;
			buildActionMask = 2147483647;
			files = (
			);
			runOnlyForDeploymentPostprocessing = 0;
		};
		49FA53A32A02161D0082CBB9 /* Frameworks */ = {
			isa = PBXFrameworksBuildPhase;
			buildActionMask = 2147483647;
			files = (
			);
			runOnlyForDeploymentPostprocessing = 0;
		};
/* End PBXFrameworksBuildPhase section */

/* Begin PBXGroup section */
		49FA53832A02161B0082CBB9 = {
			isa = PBXGroup;
			children = (
				49FA53C12A044E390082CBB9 /* Documentation.docc */,
				49FA538E2A02161B0082CBB9 /* myRecipes */,
				49FA539F2A02161D0082CBB9 /* myRecipesTests */,
				49FA53C72A046FAA0082CBB9 /* myRecipesUITests */,
				49FA538D2A02161B0082CBB9 /* Products */,
			);
			sourceTree = "<group>";
		};
		49FA538D2A02161B0082CBB9 /* Products */ = {
			isa = PBXGroup;
			children = (
				49FA538C2A02161B0082CBB9 /* myRecipes.app */,
				49FA539C2A02161D0082CBB9 /* myRecipesTests.xctest */,
				49FA53A62A02161D0082CBB9 /* myRecipesUITests.xctest */,
			);
			name = Products;
			sourceTree = "<group>";
		};
		49FA538E2A02161B0082CBB9 /* myRecipes */ = {
			isa = PBXGroup;
			children = (
				49FA538F2A02161B0082CBB9 /* myRecipesApp.swift */,
				49FA53912A02161B0082CBB9 /* ContentView.swift */,
				49FA53BB2A021B590082CBB9 /* DataFetch.swift */,
				49FA53BD2A0306220082CBB9 /* Recipe.swift */,
				49FA53932A02161D0082CBB9 /* Assets.xcassets */,
				49FA53952A02161D0082CBB9 /* Preview Content */,
			);
			path = myRecipes;
			sourceTree = "<group>";
		};
		49FA53952A02161D0082CBB9 /* Preview Content */ = {
			isa = PBXGroup;
			children = (
				49FA53962A02161D0082CBB9 /* Preview Assets.xcassets */,
			);
			path = "Preview Content";
			sourceTree = "<group>";
		};
		49FA539F2A02161D0082CBB9 /* myRecipesTests */ = {
			isa = PBXGroup;
			children = (
				49FA53C32A0460B00082CBB9 /* DataFetchTest.swift */,
			);
			path = myRecipesTests;
			sourceTree = "<group>";
		};
		49FA53C72A046FAA0082CBB9 /* myRecipesUITests */ = {
			isa = PBXGroup;
			children = (
				49FA53CA2A046FF60082CBB9 /* myRecipesUITestsLaunchTests.swift */,
			);
			path = myRecipesUITests;
			sourceTree = "<group>";
		};
/* End PBXGroup section */

/* Begin PBXNativeTarget section */
		49FA538B2A02161B0082CBB9 /* myRecipes */ = {
			isa = PBXNativeTarget;
			buildConfigurationList = 49FA53B02A02161D0082CBB9 /* Build configuration list for PBXNativeTarget "myRecipes" */;
			buildPhases = (
				49FA53882A02161B0082CBB9 /* Sources */,
				49FA53892A02161B0082CBB9 /* Frameworks */,
				49FA538A2A02161B0082CBB9 /* Resources */,
			);
			buildRules = (
			);
			dependencies = (
			);
			name = myRecipes;
			productName = myRecipes;
			productReference = 49FA538C2A02161B0082CBB9 /* myRecipes.app */;
			productType = "com.apple.product-type.application";
		};
		49FA539B2A02161D0082CBB9 /* myRecipesTests */ = {
			isa = PBXNativeTarget;
			buildConfigurationList = 49FA53B32A02161D0082CBB9 /* Build configuration list for PBXNativeTarget "myRecipesTests" */;
			buildPhases = (
				49FA53982A02161D0082CBB9 /* Sources */,
				49FA53992A02161D0082CBB9 /* Frameworks */,
				49FA539A2A02161D0082CBB9 /* Resources */,
			);
			buildRules = (
			);
			dependencies = (
				49FA539E2A02161D0082CBB9 /* PBXTargetDependency */,
			);
			name = myRecipesTests;
			productName = myRecipesTests;
			productReference = 49FA539C2A02161D0082CBB9 /* myRecipesTests.xctest */;
			productType = "com.apple.product-type.bundle.unit-test";
		};
		49FA53A52A02161D0082CBB9 /* myRecipesUITests */ = {
			isa = PBXNativeTarget;
			buildConfigurationList = 49FA53B62A02161D0082CBB9 /* Build configuration list for PBXNativeTarget "myRecipesUITests" */;
			buildPhases = (
				49FA53A22A02161D0082CBB9 /* Sources */,
				49FA53A32A02161D0082CBB9 /* Frameworks */,
				49FA53A42A02161D0082CBB9 /* Resources */,
			);
			buildRules = (
			);
			dependencies = (
				49FA53A82A02161D0082CBB9 /* PBXTargetDependency */,
			);
			name = myRecipesUITests;
			productName = myRecipesUITests;
			productReference = 49FA53A62A02161D0082CBB9 /* myRecipesUITests.xctest */;
			productType = "com.apple.product-type.bundle.ui-testing";
		};
/* End PBXNativeTarget section */

/* Begin PBXProject section */
		49FA53842A02161B0082CBB9 /* Project object */ = {
			isa = PBXProject;
			attributes = {
				BuildIndependentTargetsInParallel = 1;
				LastSwiftUpdateCheck = 1430;
				LastUpgradeCheck = 1430;
				TargetAttributes = {
					49FA538B2A02161B0082CBB9 = {
						CreatedOnToolsVersion = 14.3;
					};
					49FA539B2A02161D0082CBB9 = {
						CreatedOnToolsVersion = 14.3;
						TestTargetID = 49FA538B2A02161B0082CBB9;
					};
					49FA53A52A02161D0082CBB9 = {
						CreatedOnToolsVersion = 14.3;
						LastSwiftMigration = 1430;
						TestTargetID = 49FA538B2A02161B0082CBB9;
					};
				};
			};
			buildConfigurationList = 49FA53872A02161B0082CBB9 /* Build configuration list for PBXProject "myRecipes" */;
			compatibilityVersion = "Xcode 14.0";
			developmentRegion = en;
			hasScannedForEncodings = 0;
			knownRegions = (
				en,
				Base,
			);
			mainGroup = 49FA53832A02161B0082CBB9;
			productRefGroup = 49FA538D2A02161B0082CBB9 /* Products */;
			projectDirPath = "";
			projectRoot = "";
			targets = (
				49FA538B2A02161B0082CBB9 /* myRecipes */,
				49FA539B2A02161D0082CBB9 /* myRecipesTests */,
				49FA53A52A02161D0082CBB9 /* myRecipesUITests */,
			);
		};
/* End PBXProject section */

/* Begin PBXResourcesBuildPhase section */
		49FA538A2A02161B0082CBB9 /* Resources */ = {
			isa = PBXResourcesBuildPhase;
			buildActionMask = 2147483647;
			files = (
				49FA53972A02161D0082CBB9 /* Preview Assets.xcassets in Resources */,
				49FA53942A02161D0082CBB9 /* Assets.xcassets in Resources */,
			);
			runOnlyForDeploymentPostprocessing = 0;
		};
		49FA539A2A02161D0082CBB9 /* Resources */ = {
			isa = PBXResourcesBuildPhase;
			buildActionMask = 2147483647;
			files = (
			);
			runOnlyForDeploymentPostprocessing = 0;
		};
		49FA53A42A02161D0082CBB9 /* Resources */ = {
			isa = PBXResourcesBuildPhase;
			buildActionMask = 2147483647;
			files = (
			);
			runOnlyForDeploymentPostprocessing = 0;
		};
/* End PBXResourcesBuildPhase section */

/* Begin PBXSourcesBuildPhase section */
		49FA53882A02161B0082CBB9 /* Sources */ = {
			isa = PBXSourcesBuildPhase;
			buildActionMask = 2147483647;
			files = (
				49FA53922A02161B0082CBB9 /* ContentView.swift in Sources */,
				49FA53BC2A021B590082CBB9 /* DataFetch.swift in Sources */,
				49FA53902A02161B0082CBB9 /* myRecipesApp.swift in Sources */,
				49FA53C22A044E390082CBB9 /* Documentation.docc in Sources */,
				49FA53BE2A0306220082CBB9 /* Recipe.swift in Sources */,
			);
			runOnlyForDeploymentPostprocessing = 0;
		};
		49FA53982A02161D0082CBB9 /* Sources */ = {
			isa = PBXSourcesBuildPhase;
			buildActionMask = 2147483647;
			files = (
				49FA53C42A0460B00082CBB9 /* DataFetchTest.swift in Sources */,
			);
			runOnlyForDeploymentPostprocessing = 0;
		};
		49FA53A22A02161D0082CBB9 /* Sources */ = {
			isa = PBXSourcesBuildPhase;
			buildActionMask = 2147483647;
			files = (
				49FA53CB2A046FF60082CBB9 /* myRecipesUITestsLaunchTests.swift in Sources */,
			);
			runOnlyForDeploymentPostprocessing = 0;
		};
/* End PBXSourcesBuildPhase section */

/* Begin PBXTargetDependency section */
		49FA539E2A02161D0082CBB9 /* PBXTargetDependency */ = {
			isa = PBXTargetDependency;
			target = 49FA538B2A02161B0082CBB9 /* myRecipes */;
			targetProxy = 49FA539D2A02161D0082CBB9 /* PBXContainerItemProxy */;
		};
		49FA53A82A02161D0082CBB9 /* PBXTargetDependency */ = {
			isa = PBXTargetDependency;
			target = 49FA538B2A02161B0082CBB9 /* myRecipes */;
			targetProxy = 49FA53A72A02161D0082CBB9 /* PBXContainerItemProxy */;
		};
/* End PBXTargetDependency section */

/* Begin XCBuildConfiguration section */
		49FA53AE2A02161D0082CBB9 /* Debug */ = {
			isa = XCBuildConfiguration;
			buildSettings = {
				ALWAYS_SEARCH_USER_PATHS = NO;
				CLANG_ANALYZER_NONNULL = YES;
				CLANG_ANALYZER_NUMBER_OBJECT_CONVERSION = YES_AGGRESSIVE;
				CLANG_CXX_LANGUAGE_STANDARD = "gnu++20";
				CLANG_ENABLE_MODULES = YES;
				CLANG_ENABLE_OBJC_ARC = YES;
				CLANG_ENABLE_OBJC_WEAK = YES;
				CLANG_WARN_BLOCK_CAPTURE_AUTORELEASING = YES;
				CLANG_WARN_BOOL_CONVERSION = YES;
				CLANG_WARN_COMMA = YES;
				CLANG_WARN_CONSTANT_CONVERSION = YES;
				CLANG_WARN_DEPRECATED_OBJC_IMPLEMENTATIONS = YES;
				CLANG_WARN_DIRECT_OBJC_ISA_USAGE = YES_ERROR;
				CLANG_WARN_DOCUMENTATION_COMMENTS = YES;
				CLANG_WARN_EMPTY_BODY = YES;
				CLANG_WARN_ENUM_CONVERSION = YES;
				CLANG_WARN_INFINITE_RECURSION = YES;
				CLANG_WARN_INT_CONVERSION = YES;
				CLANG_WARN_NON_LITERAL_NULL_CONVERSION = YES;
				CLANG_WARN_OBJC_IMPLICIT_RETAIN_SELF = YES;
				CLANG_WARN_OBJC_LITERAL_CONVERSION = YES;
				CLANG_WARN_OBJC_ROOT_CLASS = YES_ERROR;
				CLANG_WARN_QUOTED_INCLUDE_IN_FRAMEWORK_HEADER = YES;
				CLANG_WARN_RANGE_LOOP_ANALYSIS = YES;
				CLANG_WARN_STRICT_PROTOTYPES = YES;
				CLANG_WARN_SUSPICIOUS_MOVE = YES;
				CLANG_WARN_UNGUARDED_AVAILABILITY = YES_AGGRESSIVE;
				CLANG_WARN_UNREACHABLE_CODE = YES;
				CLANG_WARN__DUPLICATE_METHOD_MATCH = YES;
				COPY_PHASE_STRIP = NO;
				DEBUG_INFORMATION_FORMAT = dwarf;
				ENABLE_STRICT_OBJC_MSGSEND = YES;
				ENABLE_TESTABILITY = YES;
				GCC_C_LANGUAGE_STANDARD = gnu11;
				GCC_DYNAMIC_NO_PIC = NO;
				GCC_NO_COMMON_BLOCKS = YES;
				GCC_OPTIMIZATION_LEVEL = 0;
				GCC_PREPROCESSOR_DEFINITIONS = (
					"DEBUG=1",
					"$(inherited)",
				);
				GCC_WARN_64_TO_32_BIT_CONVERSION = YES;
				GCC_WARN_ABOUT_RETURN_TYPE = YES_ERROR;
				GCC_WARN_UNDECLARED_SELECTOR = YES;
				GCC_WARN_UNINITIALIZED_AUTOS = YES_AGGRESSIVE;
				GCC_WARN_UNUSED_FUNCTION = YES;
				GCC_WARN_UNUSED_VARIABLE = YES;
				IPHONEOS_DEPLOYMENT_TARGET = 16.4;
				MTL_ENABLE_DEBUG_INFO = INCLUDE_SOURCE;
				MTL_FAST_MATH = YES;
				ONLY_ACTIVE_ARCH = YES;
				SDKROOT = iphoneos;
				SWIFT_ACTIVE_COMPILATION_CONDITIONS = DEBUG;
				SWIFT_OPTIMIZATION_LEVEL = "-Onone";
			};
			name = Debug;
		};
		49FA53AF2A02161D0082CBB9 /* Release */ = {
			isa = XCBuildConfiguration;
			buildSettings = {
				ALWAYS_SEARCH_USER_PATHS = NO;
				CLANG_ANALYZER_NONNULL = YES;
				CLANG_ANALYZER_NUMBER_OBJECT_CONVERSION = YES_AGGRESSIVE;
				CLANG_CXX_LANGUAGE_STANDARD = "gnu++20";
				CLANG_ENABLE_MODULES = YES;
				CLANG_ENABLE_OBJC_ARC = YES;
				CLANG_ENABLE_OBJC_WEAK = YES;
				CLANG_WARN_BLOCK_CAPTURE_AUTORELEASING = YES;
				CLANG_WARN_BOOL_CONVERSION = YES;
				CLANG_WARN_COMMA = YES;
				CLANG_WARN_CONSTANT_CONVERSION = YES;
				CLANG_WARN_DEPRECATED_OBJC_IMPLEMENTATIONS = YES;
				CLANG_WARN_DIRECT_OBJC_ISA_USAGE = YES_ERROR;
				CLANG_WARN_DOCUMENTATION_COMMENTS = YES;
				CLANG_WARN_EMPTY_BODY = YES;
				CLANG_WARN_ENUM_CONVERSION = YES;
				CLANG_WARN_INFINITE_RECURSION = YES;
				CLANG_WARN_INT_CONVERSION = YES;
				CLANG_WARN_NON_LITERAL_NULL_CONVERSION = YES;
				CLANG_WARN_OBJC_IMPLICIT_RETAIN_SELF = YES;
				CLANG_WARN_OBJC_LITERAL_CONVERSION = YES;
				CLANG_WARN_OBJC_ROOT_CLASS = YES_ERROR;
				CLANG_WARN_QUOTED_INCLUDE_IN_FRAMEWORK_HEADER = YES;
				CLANG_WARN_RANGE_LOOP_ANALYSIS = YES;
				CLANG_WARN_STRICT_PROTOTYPES = YES;
				CLANG_WARN_SUSPICIOUS_MOVE = YES;
				CLANG_WARN_UNGUARDED_AVAILABILITY = YES_AGGRESSIVE;
				CLANG_WARN_UNREACHABLE_CODE = YES;
				CLANG_WARN__DUPLICATE_METHOD_MATCH = YES;
				COPY_PHASE_STRIP = NO;
				DEBUG_INFORMATION_FORMAT = "dwarf-with-dsym";
				ENABLE_NS_ASSERTIONS = NO;
				ENABLE_STRICT_OBJC_MSGSEND = YES;
				GCC_C_LANGUAGE_STANDARD = gnu11;
				GCC_NO_COMMON_BLOCKS = YES;
				GCC_WARN_64_TO_32_BIT_CONVERSION = YES;
				GCC_WARN_ABOUT_RETURN_TYPE = YES_ERROR;
				GCC_WARN_UNDECLARED_SELECTOR = YES;
				GCC_WARN_UNINITIALIZED_AUTOS = YES_AGGRESSIVE;
				GCC_WARN_UNUSED_FUNCTION = YES;
				GCC_WARN_UNUSED_VARIABLE = YES;
				IPHONEOS_DEPLOYMENT_TARGET = 16.4;
				MTL_ENABLE_DEBUG_INFO = NO;
				MTL_FAST_MATH = YES;
				SDKROOT = iphoneos;
				SWIFT_COMPILATION_MODE = wholemodule;
				SWIFT_OPTIMIZATION_LEVEL = "-O";
				VALIDATE_PRODUCT = YES;
			};
			name = Release;
		};
		49FA53B12A02161D0082CBB9 /* Debug */ = {
			isa = XCBuildConfiguration;
			buildSettings = {
				ASSETCATALOG_COMPILER_APPICON_NAME = AppIcon;
				ASSETCATALOG_COMPILER_GLOBAL_ACCENT_COLOR_NAME = AccentColor;
				CODE_SIGN_STYLE = Automatic;
				CURRENT_PROJECT_VERSION = 1;
				DEVELOPMENT_ASSET_PATHS = "\"myRecipes/Preview Content\"";
				DEVELOPMENT_TEAM = LP926H8VU2;
				ENABLE_PREVIEWS = YES;
				GENERATE_INFOPLIST_FILE = YES;
				INFOPLIST_KEY_UIApplicationSceneManifest_Generation = YES;
				INFOPLIST_KEY_UIApplicationSupportsIndirectInputEvents = YES;
				INFOPLIST_KEY_UILaunchScreen_Generation = YES;
				INFOPLIST_KEY_UISupportedInterfaceOrientations = UIInterfaceOrientationPortrait;
				INFOPLIST_KEY_UISupportedInterfaceOrientations_iPad = "UIInterfaceOrientationLandscapeLeft UIInterfaceOrientationLandscapeRight UIInterfaceOrientationPortrait UIInterfaceOrientationPortraitUpsideDown";
				IPHONEOS_DEPLOYMENT_TARGET = 16.4;
				LD_RUNPATH_SEARCH_PATHS = (
					"$(inherited)",
					"@executable_path/Frameworks",
				);
				MARKETING_VERSION = 1.0;
				PRODUCT_BUNDLE_IDENTIFIER = com.myRecipes;
				PRODUCT_NAME = "$(TARGET_NAME)";
				SWIFT_EMIT_LOC_STRINGS = YES;
				SWIFT_VERSION = 5.0;
				TARGETED_DEVICE_FAMILY = "1,2";
			};
			name = Debug;
		};
		49FA53B22A02161D0082CBB9 /* Release */ = {
			isa = XCBuildConfiguration;
			buildSettings = {
				ASSETCATALOG_COMPILER_APPICON_NAME = AppIcon;
				ASSETCATALOG_COMPILER_GLOBAL_ACCENT_COLOR_NAME = AccentColor;
				CODE_SIGN_STYLE = Automatic;
				CURRENT_PROJECT_VERSION = 1;
				DEVELOPMENT_ASSET_PATHS = "\"myRecipes/Preview Content\"";
				DEVELOPMENT_TEAM = LP926H8VU2;
				ENABLE_PREVIEWS = YES;
				GENERATE_INFOPLIST_FILE = YES;
				INFOPLIST_KEY_UIApplicationSceneManifest_Generation = YES;
				INFOPLIST_KEY_UIApplicationSupportsIndirectInputEvents = YES;
				INFOPLIST_KEY_UILaunchScreen_Generation = YES;
				INFOPLIST_KEY_UISupportedInterfaceOrientations = UIInterfaceOrientationPortrait;
				INFOPLIST_KEY_UISupportedInterfaceOrientations_iPad = "UIInterfaceOrientationLandscapeLeft UIInterfaceOrientationLandscapeRight UIInterfaceOrientationPortrait UIInterfaceOrientationPortraitUpsideDown";
				IPHONEOS_DEPLOYMENT_TARGET = 16.4;
				LD_RUNPATH_SEARCH_PATHS = (
					"$(inherited)",
					"@executable_path/Frameworks",
				);
				MARKETING_VERSION = 1.0;
				PRODUCT_BUNDLE_IDENTIFIER = com.myRecipes;
				PRODUCT_NAME = "$(TARGET_NAME)";
				SWIFT_EMIT_LOC_STRINGS = YES;
				SWIFT_VERSION = 5.0;
				TARGETED_DEVICE_FAMILY = "1,2";
			};
			name = Release;
		};
		49FA53B42A02161D0082CBB9 /* Debug */ = {
			isa = XCBuildConfiguration;
			buildSettings = {
				ALWAYS_EMBED_SWIFT_STANDARD_LIBRARIES = YES;
				BUNDLE_LOADER = "$(TEST_HOST)";
				CODE_SIGN_STYLE = Automatic;
				CURRENT_PROJECT_VERSION = 1;
				DEVELOPMENT_TEAM = LP926H8VU2;
				GENERATE_INFOPLIST_FILE = YES;
				IPHONEOS_DEPLOYMENT_TARGET = 16.4;
				MARKETING_VERSION = 1.0;
				PRODUCT_BUNDLE_IDENTIFIER = com.myRecipesTests;
				PRODUCT_NAME = "$(TARGET_NAME)";
				SWIFT_EMIT_LOC_STRINGS = NO;
				SWIFT_VERSION = 5.0;
				TARGETED_DEVICE_FAMILY = "1,2";
				TEST_HOST = "$(BUILT_PRODUCTS_DIR)/myRecipes.app/$(BUNDLE_EXECUTABLE_FOLDER_PATH)/myRecipes";
			};
			name = Debug;
		};
		49FA53B52A02161D0082CBB9 /* Release */ = {
			isa = XCBuildConfiguration;
			buildSettings = {
				ALWAYS_EMBED_SWIFT_STANDARD_LIBRARIES = YES;
				BUNDLE_LOADER = "$(TEST_HOST)";
				CODE_SIGN_STYLE = Automatic;
				CURRENT_PROJECT_VERSION = 1;
				DEVELOPMENT_TEAM = LP926H8VU2;
				GENERATE_INFOPLIST_FILE = YES;
				IPHONEOS_DEPLOYMENT_TARGET = 16.4;
				MARKETING_VERSION = 1.0;
				PRODUCT_BUNDLE_IDENTIFIER = com.myRecipesTests;
				PRODUCT_NAME = "$(TARGET_NAME)";
				SWIFT_EMIT_LOC_STRINGS = NO;
				SWIFT_VERSION = 5.0;
				TARGETED_DEVICE_FAMILY = "1,2";
				TEST_HOST = "$(BUILT_PRODUCTS_DIR)/myRecipes.app/$(BUNDLE_EXECUTABLE_FOLDER_PATH)/myRecipes";
			};
			name = Release;
		};
		49FA53B72A02161D0082CBB9 /* Debug */ = {
			isa = XCBuildConfiguration;
			buildSettings = {
				ALWAYS_EMBED_SWIFT_STANDARD_LIBRARIES = YES;
				CLANG_ENABLE_MODULES = YES;
				CODE_SIGN_STYLE = Automatic;
				CURRENT_PROJECT_VERSION = 1;
				DEVELOPMENT_TEAM = LP926H8VU2;
				GENERATE_INFOPLIST_FILE = YES;
				MARKETING_VERSION = 1.0;
				PRODUCT_BUNDLE_IDENTIFIER = com.myRecipesUITests;
				PRODUCT_NAME = "$(TARGET_NAME)";
				SWIFT_EMIT_LOC_STRINGS = NO;
				SWIFT_OPTIMIZATION_LEVEL = "-Onone";
				SWIFT_VERSION = 5.0;
				TARGETED_DEVICE_FAMILY = "1,2";
				TEST_TARGET_NAME = myRecipes;
			};
			name = Debug;
		};
		49FA53B82A02161D0082CBB9 /* Release */ = {
			isa = XCBuildConfiguration;
			buildSettings = {
				ALWAYS_EMBED_SWIFT_STANDARD_LIBRARIES = YES;
				CLANG_ENABLE_MODULES = YES;
				CODE_SIGN_STYLE = Automatic;
				CURRENT_PROJECT_VERSION = 1;
				DEVELOPMENT_TEAM = LP926H8VU2;
				GENERATE_INFOPLIST_FILE = YES;
				MARKETING_VERSION = 1.0;
				PRODUCT_BUNDLE_IDENTIFIER = com.myRecipesUITests;
				PRODUCT_NAME = "$(TARGET_NAME)";
				SWIFT_EMIT_LOC_STRINGS = NO;
				SWIFT_VERSION = 5.0;
				TARGETED_DEVICE_FAMILY = "1,2";
				TEST_TARGET_NAME = myRecipes;
			};
			name = Release;
		};
/* End XCBuildConfiguration section */

/* Begin XCConfigurationList section */
		49FA53872A02161B0082CBB9 /* Build configuration list for PBXProject "myRecipes" */ = {
			isa = XCConfigurationList;
			buildConfigurations = (
				49FA53AE2A02161D0082CBB9 /* Debug */,
				49FA53AF2A02161D0082CBB9 /* Release */,
			);
			defaultConfigurationIsVisible = 0;
			defaultConfigurationName = Release;
		};
		49FA53B02A02161D0082CBB9 /* Build configuration list for PBXNativeTarget "myRecipes" */ = {
			isa = XCConfigurationList;
			buildConfigurations = (
				49FA53B12A02161D0082CBB9 /* Debug */,
				49FA53B22A02161D0082CBB9 /* Release */,
			);
			defaultConfigurationIsVisible = 0;
			defaultConfigurationName = Release;
		};
		49FA53B32A02161D0082CBB9 /* Build configuration list for PBXNativeTarget "myRecipesTests" */ = {
			isa = XCConfigurationList;
			buildConfigurations = (
				49FA53B42A02161D0082CBB9 /* Debug */,
				49FA53B52A02161D0082CBB9 /* Release */,
			);
			defaultConfigurationIsVisible = 0;
			defaultConfigurationName = Release;
		};
		49FA53B62A02161D0082CBB9 /* Build configuration list for PBXNativeTarget "myRecipesUITests" */ = {
			isa = XCConfigurationList;
			buildConfigurations = (
				49FA53B72A02161D0082CBB9 /* Debug */,
				49FA53B82A02161D0082CBB9 /* Release */,
			);
			defaultConfigurationIsVisible = 0;
			defaultConfigurationName = Release;
		};
/* End XCConfigurationList section */
	};
	rootObject = 49FA53842A02161B0082CBB9 /* Project object */;
}
